// !$*UTF8*$!
{
	archiveVersion = 1;
	classes = {
	};
	objectVersion = 50;
	objects = {

/* Begin PBXBuildFile section */
		AD001DB326ACBA8F0010E0FF /* BackgroundNodeTouches.swift in Sources */ = {isa = PBXBuildFile; fileRef = AD001DB226ACBA8F0010E0FF /* BackgroundNodeTouches.swift */; };
		AD001DB526AF5DBF0010E0FF /* BackgroundNode.swift in Sources */ = {isa = PBXBuildFile; fileRef = AD001DB426AF5DBF0010E0FF /* BackgroundNode.swift */; };
		ADDEA34326A8C2050010DA6E /* AppDelegate.swift in Sources */ = {isa = PBXBuildFile; fileRef = ADDEA34226A8C2050010DA6E /* AppDelegate.swift */; };
		ADDEA34526A8C2050010DA6E /* GameScene.sks in Resources */ = {isa = PBXBuildFile; fileRef = ADDEA34426A8C2050010DA6E /* GameScene.sks */; };
		ADDEA34726A8C2050010DA6E /* Actions.sks in Resources */ = {isa = PBXBuildFile; fileRef = ADDEA34626A8C2050010DA6E /* Actions.sks */; };
		ADDEA34926A8C2050010DA6E /* GameScene.swift in Sources */ = {isa = PBXBuildFile; fileRef = ADDEA34826A8C2050010DA6E /* GameScene.swift */; };
		ADDEA34B26A8C2050010DA6E /* GameViewController.swift in Sources */ = {isa = PBXBuildFile; fileRef = ADDEA34A26A8C2050010DA6E /* GameViewController.swift */; };
		ADDEA34E26A8C2050010DA6E /* Main.storyboard in Resources */ = {isa = PBXBuildFile; fileRef = ADDEA34C26A8C2050010DA6E /* Main.storyboard */; };
		ADDEA35026A8C2070010DA6E /* Assets.xcassets in Resources */ = {isa = PBXBuildFile; fileRef = ADDEA34F26A8C2070010DA6E /* Assets.xcassets */; };
		ADDEA35826AA067D0010DA6E /* Inventory.swift in Sources */ = {isa = PBXBuildFile; fileRef = ADDEA35726AA067C0010DA6E /* Inventory.swift */; };
		ADDEA35B26AA1ECD0010DA6E /* Cell.swift in Sources */ = {isa = PBXBuildFile; fileRef = ADDEA35A26AA1ECD0010DA6E /* Cell.swift */; };
		ADDEA35D26AA22610010DA6E /* Storage.swift in Sources */ = {isa = PBXBuildFile; fileRef = ADDEA35C26AA22610010DA6E /* Storage.swift */; };
		ADDEA36026AB5FDA0010DA6E /* Item.swift in Sources */ = {isa = PBXBuildFile; fileRef = ADDEA35F26AB5FDA0010DA6E /* Item.swift */; };
/* End PBXBuildFile section */

/* Begin PBXFileReference section */
		AD001DB226ACBA8F0010E0FF /* BackgroundNodeTouches.swift */ = {isa = PBXFileReference; lastKnownFileType = sourcecode.swift; path = BackgroundNodeTouches.swift; sourceTree = "<group>"; };
		AD001DB426AF5DBF0010E0FF /* BackgroundNode.swift */ = {isa = PBXFileReference; lastKnownFileType = sourcecode.swift; path = BackgroundNode.swift; sourceTree = "<group>"; };
		ADDEA33F26A8C2050010DA6E /* Inventory.app */ = {isa = PBXFileReference; explicitFileType = wrapper.application; includeInIndex = 0; path = Inventory.app; sourceTree = BUILT_PRODUCTS_DIR; };
		ADDEA34226A8C2050010DA6E /* AppDelegate.swift */ = {isa = PBXFileReference; lastKnownFileType = sourcecode.swift; path = AppDelegate.swift; sourceTree = "<group>"; };
		ADDEA34426A8C2050010DA6E /* GameScene.sks */ = {isa = PBXFileReference; lastKnownFileType = file.sks; path = GameScene.sks; sourceTree = "<group>"; };
		ADDEA34626A8C2050010DA6E /* Actions.sks */ = {isa = PBXFileReference; lastKnownFileType = file.sks; path = Actions.sks; sourceTree = "<group>"; };
		ADDEA34826A8C2050010DA6E /* GameScene.swift */ = {isa = PBXFileReference; lastKnownFileType = sourcecode.swift; path = GameScene.swift; sourceTree = "<group>"; };
		ADDEA34A26A8C2050010DA6E /* GameViewController.swift */ = {isa = PBXFileReference; lastKnownFileType = sourcecode.swift; path = GameViewController.swift; sourceTree = "<group>"; };
		ADDEA34D26A8C2050010DA6E /* Base */ = {isa = PBXFileReference; lastKnownFileType = file.storyboard; name = Base; path = Base.lproj/Main.storyboard; sourceTree = "<group>"; };
		ADDEA34F26A8C2070010DA6E /* Assets.xcassets */ = {isa = PBXFileReference; lastKnownFileType = folder.assetcatalog; path = Assets.xcassets; sourceTree = "<group>"; };
		ADDEA35126A8C2070010DA6E /* Info.plist */ = {isa = PBXFileReference; lastKnownFileType = text.plist.xml; path = Info.plist; sourceTree = "<group>"; };
		ADDEA35726AA067C0010DA6E /* Inventory.swift */ = {isa = PBXFileReference; lastKnownFileType = sourcecode.swift; path = Inventory.swift; sourceTree = "<group>"; };
		ADDEA35A26AA1ECD0010DA6E /* Cell.swift */ = {isa = PBXFileReference; lastKnownFileType = sourcecode.swift; path = Cell.swift; sourceTree = "<group>"; };
		ADDEA35C26AA22610010DA6E /* Storage.swift */ = {isa = PBXFileReference; lastKnownFileType = sourcecode.swift; path = Storage.swift; sourceTree = "<group>"; };
		ADDEA35F26AB5FDA0010DA6E /* Item.swift */ = {isa = PBXFileReference; lastKnownFileType = sourcecode.swift; path = Item.swift; sourceTree = "<group>"; };
/* End PBXFileReference section */

/* Begin PBXFrameworksBuildPhase section */
		ADDEA33C26A8C2050010DA6E /* Frameworks */ = {
			isa = PBXFrameworksBuildPhase;
			buildActionMask = 2147483647;
			files = (
			);
			runOnlyForDeploymentPostprocessing = 0;
		};
/* End PBXFrameworksBuildPhase section */

/* Begin PBXGroup section */
		AD001DB126ACB1180010E0FF /* Extensions */ = {
			isa = PBXGroup;
			children = (
				AD001DB226ACBA8F0010E0FF /* BackgroundNodeTouches.swift */,
			);
			path = Extensions;
			sourceTree = "<group>";
		};
		ADDEA33626A8C2050010DA6E = {
			isa = PBXGroup;
			children = (
				ADDEA34126A8C2050010DA6E /* Inventory */,
				ADDEA34026A8C2050010DA6E /* Products */,
			);
			sourceTree = "<group>";
		};
		ADDEA34026A8C2050010DA6E /* Products */ = {
			isa = PBXGroup;
			children = (
				ADDEA33F26A8C2050010DA6E /* Inventory.app */,
			);
			name = Products;
			sourceTree = "<group>";
		};
		ADDEA34126A8C2050010DA6E /* Inventory */ = {
			isa = PBXGroup;
			children = (
				ADDEA35926AA1A6E0010DA6E /* Models */,
				AD001DB126ACB1180010E0FF /* Extensions */,
				ADDEA34226A8C2050010DA6E /* AppDelegate.swift */,
				ADDEA34426A8C2050010DA6E /* GameScene.sks */,
				ADDEA34626A8C2050010DA6E /* Actions.sks */,
				ADDEA34826A8C2050010DA6E /* GameScene.swift */,
				ADDEA34A26A8C2050010DA6E /* GameViewController.swift */,
				ADDEA34C26A8C2050010DA6E /* Main.storyboard */,
				ADDEA34F26A8C2070010DA6E /* Assets.xcassets */,
				ADDEA35126A8C2070010DA6E /* Info.plist */,
			);
			path = Inventory;
			sourceTree = "<group>";
		};
		ADDEA35926AA1A6E0010DA6E /* Models */ = {
			isa = PBXGroup;
			children = (
				ADDEA35726AA067C0010DA6E /* Inventory.swift */,
				ADDEA35A26AA1ECD0010DA6E /* Cell.swift */,
				ADDEA35C26AA22610010DA6E /* Storage.swift */,
				ADDEA35F26AB5FDA0010DA6E /* Item.swift */,
				AD001DB426AF5DBF0010E0FF /* BackgroundNode.swift */,
			);
			path = Models;
			sourceTree = "<group>";
		};
/* End PBXGroup section */

/* Begin PBXNativeTarget section */
		ADDEA33E26A8C2050010DA6E /* Inventory */ = {
			isa = PBXNativeTarget;
			buildConfigurationList = ADDEA35426A8C2070010DA6E /* Build configuration list for PBXNativeTarget "Inventory" */;
			buildPhases = (
				ADDEA33B26A8C2050010DA6E /* Sources */,
				ADDEA33C26A8C2050010DA6E /* Frameworks */,
				ADDEA33D26A8C2050010DA6E /* Resources */,
			);
			buildRules = (
			);
			dependencies = (
			);
			name = Inventory;
			productName = Inventory;
			productReference = ADDEA33F26A8C2050010DA6E /* Inventory.app */;
			productType = "com.apple.product-type.application";
		};
/* End PBXNativeTarget section */

/* Begin PBXProject section */
		ADDEA33726A8C2050010DA6E /* Project object */ = {
			isa = PBXProject;
			attributes = {
				LastSwiftUpdateCheck = 1250;
				LastUpgradeCheck = 1250;
				TargetAttributes = {
					ADDEA33E26A8C2050010DA6E = {
						CreatedOnToolsVersion = 12.5.1;
					};
				};
			};
			buildConfigurationList = ADDEA33A26A8C2050010DA6E /* Build configuration list for PBXProject "Inventory" */;
			compatibilityVersion = "Xcode 9.3";
			developmentRegion = en;
			hasScannedForEncodings = 0;
			knownRegions = (
				en,
				Base,
			);
			mainGroup = ADDEA33626A8C2050010DA6E;
			productRefGroup = ADDEA34026A8C2050010DA6E /* Products */;
			projectDirPath = "";
			projectRoot = "";
			targets = (
				ADDEA33E26A8C2050010DA6E /* Inventory */,
			);
		};
/* End PBXProject section */

/* Begin PBXResourcesBuildPhase section */
		ADDEA33D26A8C2050010DA6E /* Resources */ = {
			isa = PBXResourcesBuildPhase;
			buildActionMask = 2147483647;
			files = (
				ADDEA34E26A8C2050010DA6E /* Main.storyboard in Resources */,
				ADDEA34526A8C2050010DA6E /* GameScene.sks in Resources */,
				ADDEA35026A8C2070010DA6E /* Assets.xcassets in Resources */,
				ADDEA34726A8C2050010DA6E /* Actions.sks in Resources */,
			);
			runOnlyForDeploymentPostprocessing = 0;
		};
/* End PBXResourcesBuildPhase section */

/* Begin PBXSourcesBuildPhase section */
		ADDEA33B26A8C2050010DA6E /* Sources */ = {
			isa = PBXSourcesBuildPhase;
			buildActionMask = 2147483647;
			files = (
				ADDEA35826AA067D0010DA6E /* Inventory.swift in Sources */,
				AD001DB526AF5DBF0010E0FF /* BackgroundNode.swift in Sources */,
				ADDEA34926A8C2050010DA6E /* GameScene.swift in Sources */,
				AD001DB326ACBA8F0010E0FF /* BackgroundNodeTouches.swift in Sources */,
				ADDEA35B26AA1ECD0010DA6E /* Cell.swift in Sources */,
				ADDEA34B26A8C2050010DA6E /* GameViewController.swift in Sources */,
				ADDEA36026AB5FDA0010DA6E /* Item.swift in Sources */,
				ADDEA34326A8C2050010DA6E /* AppDelegate.swift in Sources */,
				ADDEA35D26AA22610010DA6E /* Storage.swift in Sources */,
			);
			runOnlyForDeploymentPostprocessing = 0;
		};
/* End PBXSourcesBuildPhase section */

/* Begin PBXVariantGroup section */
		ADDEA34C26A8C2050010DA6E /* Main.storyboard */ = {
			isa = PBXVariantGroup;
			children = (
				ADDEA34D26A8C2050010DA6E /* Base */,
			);
			name = Main.storyboard;
			sourceTree = "<group>";
		};
/* End PBXVariantGroup section */

/* Begin XCBuildConfiguration section */
		ADDEA35226A8C2070010DA6E /* Debug */ = {
			isa = XCBuildConfiguration;
			buildSettings = {
				ALWAYS_SEARCH_USER_PATHS = NO;
				CLANG_ANALYZER_NONNULL = YES;
				CLANG_ANALYZER_NUMBER_OBJECT_CONVERSION = YES_AGGRESSIVE;
				CLANG_CXX_LANGUAGE_STANDARD = "gnu++14";
				CLANG_CXX_LIBRARY = "libc++";
				CLANG_ENABLE_MODULES = YES;
				CLANG_ENABLE_OBJC_ARC = YES;
				CLANG_ENABLE_OBJC_WEAK = YES;
				CLANG_WARN_BLOCK_CAPTURE_AUTORELEASING = YES;
				CLANG_WARN_BOOL_CONVERSION = YES;
				CLANG_WARN_COMMA = YES;
				CLANG_WARN_CONSTANT_CONVERSION = YES;
				CLANG_WARN_DEPRECATED_OBJC_IMPLEMENTATIONS = YES;
				CLANG_WARN_DIRECT_OBJC_ISA_USAGE = YES_ERROR;
				CLANG_WARN_DOCUMENTATION_COMMENTS = YES;
				CLANG_WARN_EMPTY_BODY = YES;
				CLANG_WARN_ENUM_CONVERSION = YES;
				CLANG_WARN_INFINITE_RECURSION = YES;
				CLANG_WARN_INT_CONVERSION = YES;
				CLANG_WARN_NON_LITERAL_NULL_CONVERSION = YES;
				CLANG_WARN_OBJC_IMPLICIT_RETAIN_SELF = YES;
				CLANG_WARN_OBJC_LITERAL_CONVERSION = YES;
				CLANG_WARN_OBJC_ROOT_CLASS = YES_ERROR;
				CLANG_WARN_QUOTED_INCLUDE_IN_FRAMEWORK_HEADER = YES;
				CLANG_WARN_RANGE_LOOP_ANALYSIS = YES;
				CLANG_WARN_STRICT_PROTOTYPES = YES;
				CLANG_WARN_SUSPICIOUS_MOVE = YES;
				CLANG_WARN_UNGUARDED_AVAILABILITY = YES_AGGRESSIVE;
				CLANG_WARN_UNREACHABLE_CODE = YES;
				CLANG_WARN__DUPLICATE_METHOD_MATCH = YES;
				COPY_PHASE_STRIP = NO;
				DEBUG_INFORMATION_FORMAT = dwarf;
				ENABLE_STRICT_OBJC_MSGSEND = YES;
				ENABLE_TESTABILITY = YES;
				GCC_C_LANGUAGE_STANDARD = gnu11;
				GCC_DYNAMIC_NO_PIC = NO;
				GCC_NO_COMMON_BLOCKS = YES;
				GCC_OPTIMIZATION_LEVEL = 0;
				GCC_PREPROCESSOR_DEFINITIONS = (
					"DEBUG=1",
					"$(inherited)",
				);
				GCC_WARN_64_TO_32_BIT_CONVERSION = YES;
				GCC_WARN_ABOUT_RETURN_TYPE = YES_ERROR;
				GCC_WARN_UNDECLARED_SELECTOR = YES;
				GCC_WARN_UNINITIALIZED_AUTOS = YES_AGGRESSIVE;
				GCC_WARN_UNUSED_FUNCTION = YES;
				GCC_WARN_UNUSED_VARIABLE = YES;
				IPHONEOS_DEPLOYMENT_TARGET = 14.5;
				MTL_ENABLE_DEBUG_INFO = INCLUDE_SOURCE;
				MTL_FAST_MATH = YES;
				ONLY_ACTIVE_ARCH = YES;
				SDKROOT = iphoneos;
				SWIFT_ACTIVE_COMPILATION_CONDITIONS = DEBUG;
				SWIFT_OPTIMIZATION_LEVEL = "-Onone";
			};
			name = Debug;
		};
		ADDEA35326A8C2070010DA6E /* Release */ = {
			isa = XCBuildConfiguration;
			buildSettings = {
				ALWAYS_SEARCH_USER_PATHS = NO;
				CLANG_ANALYZER_NONNULL = YES;
				CLANG_ANALYZER_NUMBER_OBJECT_CONVERSION = YES_AGGRESSIVE;
				CLANG_CXX_LANGUAGE_STANDARD = "gnu++14";
				CLANG_CXX_LIBRARY = "libc++";
				CLANG_ENABLE_MODULES = YES;
				CLANG_ENABLE_OBJC_ARC = YES;
				CLANG_ENABLE_OBJC_WEAK = YES;
				CLANG_WARN_BLOCK_CAPTURE_AUTORELEASING = YES;
				CLANG_WARN_BOOL_CONVERSION = YES;
				CLANG_WARN_COMMA = YES;
				CLANG_WARN_CONSTANT_CONVERSION = YES;
				CLANG_WARN_DEPRECATED_OBJC_IMPLEMENTATIONS = YES;
				CLANG_WARN_DIRECT_OBJC_ISA_USAGE = YES_ERROR;
				CLANG_WARN_DOCUMENTATION_COMMENTS = YES;
				CLANG_WARN_EMPTY_BODY = YES;
				CLANG_WARN_ENUM_CONVERSION = YES;
				CLANG_WARN_INFINITE_RECURSION = YES;
				CLANG_WARN_INT_CONVERSION = YES;
				CLANG_WARN_NON_LITERAL_NULL_CONVERSION = YES;
				CLANG_WARN_OBJC_IMPLICIT_RETAIN_SELF = YES;
				CLANG_WARN_OBJC_LITERAL_CONVERSION = YES;
				CLANG_WARN_OBJC_ROOT_CLASS = YES_ERROR;
				CLANG_WARN_QUOTED_INCLUDE_IN_FRAMEWORK_HEADER = YES;
				CLANG_WARN_RANGE_LOOP_ANALYSIS = YES;
				CLANG_WARN_STRICT_PROTOTYPES = YES;
				CLANG_WARN_SUSPICIOUS_MOVE = YES;
				CLANG_WARN_UNGUARDED_AVAILABILITY = YES_AGGRESSIVE;
				CLANG_WARN_UNREACHABLE_CODE = YES;
				CLANG_WARN__DUPLICATE_METHOD_MATCH = YES;
				COPY_PHASE_STRIP = NO;
				DEBUG_INFORMATION_FORMAT = "dwarf-with-dsym";
				ENABLE_NS_ASSERTIONS = NO;
				ENABLE_STRICT_OBJC_MSGSEND = YES;
				GCC_C_LANGUAGE_STANDARD = gnu11;
				GCC_NO_COMMON_BLOCKS = YES;
				GCC_WARN_64_TO_32_BIT_CONVERSION = YES;
				GCC_WARN_ABOUT_RETURN_TYPE = YES_ERROR;
				GCC_WARN_UNDECLARED_SELECTOR = YES;
				GCC_WARN_UNINITIALIZED_AUTOS = YES_AGGRESSIVE;
				GCC_WARN_UNUSED_FUNCTION = YES;
				GCC_WARN_UNUSED_VARIABLE = YES;
				IPHONEOS_DEPLOYMENT_TARGET = 14.5;
				MTL_ENABLE_DEBUG_INFO = NO;
				MTL_FAST_MATH = YES;
				SDKROOT = iphoneos;
				SWIFT_COMPILATION_MODE = wholemodule;
				SWIFT_OPTIMIZATION_LEVEL = "-O";
				VALIDATE_PRODUCT = YES;
			};
			name = Release;
		};
		ADDEA35526A8C2070010DA6E /* Debug */ = {
			isa = XCBuildConfiguration;
			buildSettings = {
				ASSETCATALOG_COMPILER_APPICON_NAME = AppIcon;
				ASSETCATALOG_COMPILER_GLOBAL_ACCENT_COLOR_NAME = AccentColor;
				CODE_SIGN_STYLE = Automatic;
				DEVELOPMENT_TEAM = KAUKR7YZ5F;
				INFOPLIST_FILE = Inventory/Info.plist;
				LD_RUNPATH_SEARCH_PATHS = (
					"$(inherited)",
					"@executable_path/Frameworks",
				);
				PRODUCT_BUNDLE_IDENTIFIER = EK.Inventory;
				PRODUCT_NAME = "$(TARGET_NAME)";
				SWIFT_VERSION = 5.0;
				TARGETED_DEVICE_FAMILY = "1,2";
			};
			name = Debug;
		};
		ADDEA35626A8C2070010DA6E /* Release */ = {
			isa = XCBuildConfiguration;
			buildSettings = {
				ASSETCATALOG_COMPILER_APPICON_NAME = AppIcon;
				ASSETCATALOG_COMPILER_GLOBAL_ACCENT_COLOR_NAME = AccentColor;
				CODE_SIGN_STYLE = Automatic;
				DEVELOPMENT_TEAM = KAUKR7YZ5F;
				INFOPLIST_FILE = Inventory/Info.plist;
				LD_RUNPATH_SEARCH_PATHS = (
					"$(inherited)",
					"@executable_path/Frameworks",
				);
				PRODUCT_BUNDLE_IDENTIFIER = EK.Inventory;
				PRODUCT_NAME = "$(TARGET_NAME)";
				SWIFT_VERSION = 5.0;
				TARGETED_DEVICE_FAMILY = "1,2";
			};
			name = Release;
		};
/* End XCBuildConfiguration section */

/* Begin XCConfigurationList section */
		ADDEA33A26A8C2050010DA6E /* Build configuration list for PBXProject "Inventory" */ = {
			isa = XCConfigurationList;
			buildConfigurations = (
				ADDEA35226A8C2070010DA6E /* Debug */,
				ADDEA35326A8C2070010DA6E /* Release */,
			);
			defaultConfigurationIsVisible = 0;
			defaultConfigurationName = Release;
		};
		ADDEA35426A8C2070010DA6E /* Build configuration list for PBXNativeTarget "Inventory" */ = {
			isa = XCConfigurationList;
			buildConfigurations = (
				ADDEA35526A8C2070010DA6E /* Debug */,
				ADDEA35626A8C2070010DA6E /* Release */,
			);
			defaultConfigurationIsVisible = 0;
			defaultConfigurationName = Release;
		};
/* End XCConfigurationList section */
	};
	rootObject = ADDEA33726A8C2050010DA6E /* Project object */;
}
